
Microsoft Visual Studio Solution File, Format Version 12.00
# Visual Studio Version 17
VisualStudioVersion = 17.5.33530.505
MinimumVisualStudioVersion = 10.0.40219.1
Project("{8BC9CEB8-8B4A-11D0-8D11-00A0C91BC942}") = "Steve", "Steve.vcxitems", "{16FDCCF8-804C-4900-B413-A0FAF19F29EC}"
EndProject
Project("{8BC9CEB8-8B4A-11D0-8D11-00A0C91BC942}") = "CFA480128Ex-039Tx", "examples\CFA480128Ex-039Tx\CFA480128Ex-039Tx.vcxproj", "{84EA60EC-5942-4519-89C8-C97E7EC0960F}"
EndProject
Project("{8BC9CEB8-8B4A-11D0-8D11-00A0C91BC942}") = "CFA800480E3050Sx", "examples\CFA800480E3050Sx\CFA800480E3050Sx.vcxproj", "{1B929785-5E89-4224-8994-927A956274D9}"
EndProject
Global
	GlobalSection(SolutionConfigurationPlatforms) = preSolution
		Debug|ARM = Debug|ARM
		Debug|ARM64 = Debug|ARM64
		Debug|x64 = Debug|x64
		Debug|x86 = Debug|x86
		Release|ARM = Release|ARM
		Release|ARM64 = Release|ARM64
		Release|x64 = Release|x64
		Release|x86 = Release|x86
	EndGlobalSection
	GlobalSection(ProjectConfigurationPlatforms) = postSolution
		{84EA60EC-5942-4519-89C8-C97E7EC0960F}.Debug|ARM.ActiveCfg = Debug|ARM
		{84EA60EC-5942-4519-89C8-C97E7EC0960F}.Debug|ARM.Build.0 = Debug|ARM
		{84EA60EC-5942-4519-89C8-C97E7EC0960F}.Debug|ARM.Deploy.0 = Debug|ARM
		{84EA60EC-5942-4519-89C8-C97E7EC0960F}.Debug|ARM64.ActiveCfg = Debug|ARM64
		{84EA60EC-5942-4519-89C8-C97E7EC0960F}.Debug|ARM64.Build.0 = Debug|ARM64
		{84EA60EC-5942-4519-89C8-C97E7EC0960F}.Debug|ARM64.Deploy.0 = Debug|ARM64
		{84EA60EC-5942-4519-89C8-C97E7EC0960F}.Debug|x64.ActiveCfg = Debug|x64
		{84EA60EC-5942-4519-89C8-C97E7EC0960F}.Debug|x64.Build.0 = Debug|x64
		{84EA60EC-5942-4519-89C8-C97E7EC0960F}.Debug|x64.Deploy.0 = Debug|x64
		{84EA60EC-5942-4519-89C8-C97E7EC0960F}.Debug|x86.ActiveCfg = Debug|x86
		{84EA60EC-5942-4519-89C8-C97E7EC0960F}.Debug|x86.Build.0 = Debug|x86
		{84EA60EC-5942-4519-89C8-C97E7EC0960F}.Debug|x86.Deploy.0 = Debug|x86
		{84EA60EC-5942-4519-89C8-C97E7EC0960F}.Release|ARM.ActiveCfg = Release|ARM
		{84EA60EC-5942-4519-89C8-C97E7EC0960F}.Release|ARM.Build.0 = Release|ARM
		{84EA60EC-5942-4519-89C8-C97E7EC0960F}.Release|ARM.Deploy.0 = Release|ARM
		{84EA60EC-5942-4519-89C8-C97E7EC0960F}.Release|ARM64.ActiveCfg = Release|ARM64
		{84EA60EC-5942-4519-89C8-C97E7EC0960F}.Release|ARM64.Build.0 = Release|ARM64
		{84EA60EC-5942-4519-89C8-C97E7EC0960F}.Release|ARM64.Deploy.0 = Release|ARM64
		{84EA60EC-5942-4519-89C8-C97E7EC0960F}.Release|x64.ActiveCfg = Release|x64
		{84EA60EC-5942-4519-89C8-C97E7EC0960F}.Release|x64.Build.0 = Release|x64
		{84EA60EC-5942-4519-89C8-C97E7EC0960F}.Release|x64.Deploy.0 = Release|x64
		{84EA60EC-5942-4519-89C8-C97E7EC0960F}.Release|x86.ActiveCfg = Release|x86
		{84EA60EC-5942-4519-89C8-C97E7EC0960F}.Release|x86.Build.0 = Release|x86
		{84EA60EC-5942-4519-89C8-C97E7EC0960F}.Release|x86.Deploy.0 = Release|x86
		{1B929785-5E89-4224-8994-927A956274D9}.Debug|ARM.ActiveCfg = Debug|ARM
		{1B929785-5E89-4224-8994-927A956274D9}.Debug|ARM.Build.0 = Debug|ARM
		{1B929785-5E89-4224-8994-927A956274D9}.Debug|ARM.Deploy.0 = Debug|ARM
		{1B929785-5E89-4224-8994-927A956274D9}.Debug|ARM64.ActiveCfg = Debug|ARM64
		{1B929785-5E89-4224-8994-927A956274D9}.Debug|ARM64.Build.0 = Debug|ARM64
		{1B929785-5E89-4224-8994-927A956274D9}.Debug|ARM64.Deploy.0 = Debug|ARM64
		{1B929785-5E89-4224-8994-927A956274D9}.Debug|x64.ActiveCfg = Debug|x64
		{1B929785-5E89-4224-8994-927A956274D9}.Debug|x64.Build.0 = Debug|x64
		{1B929785-5E89-4224-8994-927A956274D9}.Debug|x64.Deploy.0 = Debug|x64
		{1B929785-5E89-4224-8994-927A956274D9}.Debug|x86.ActiveCfg = Debug|x86
		{1B929785-5E89-4224-8994-927A956274D9}.Debug|x86.Build.0 = Debug|x86
		{1B929785-5E89-4224-8994-927A956274D9}.Debug|x86.Deploy.0 = Debug|x86
		{1B929785-5E89-4224-8994-927A956274D9}.Release|ARM.ActiveCfg = Release|ARM
		{1B929785-5E89-4224-8994-927A956274D9}.Release|ARM.Build.0 = Release|ARM
		{1B929785-5E89-4224-8994-927A956274D9}.Release|ARM.Deploy.0 = Release|ARM
		{1B929785-5E89-4224-8994-927A956274D9}.Release|ARM64.ActiveCfg = Release|ARM64
		{1B929785-5E89-4224-8994-927A956274D9}.Release|ARM64.Build.0 = Release|ARM64
		{1B929785-5E89-4224-8994-927A956274D9}.Release|ARM64.Deploy.0 = Release|ARM64
		{1B929785-5E89-4224-8994-927A956274D9}.Release|x64.ActiveCfg = Release|x64
		{1B929785-5E89-4224-8994-927A956274D9}.Release|x64.Build.0 = Release|x64
		{1B929785-5E89-4224-8994-927A956274D9}.Release|x64.Deploy.0 = Release|x64
		{1B929785-5E89-4224-8994-927A956274D9}.Release|x86.ActiveCfg = Release|x86
		{1B929785-5E89-4224-8994-927A956274D9}.Release|x86.Build.0 = Release|x86
		{1B929785-5E89-4224-8994-927A956274D9}.Release|x86.Deploy.0 = Release|x86
	EndGlobalSection
	GlobalSection(SolutionProperties) = preSolution
		HideSolutionNode = FALSE
	EndGlobalSection
	GlobalSection(ExtensibilityGlobals) = postSolution
		SolutionGuid = {259B0F3D-BD6A-4469-9B50-10A4F5FAF4EE}
	EndGlobalSection
	GlobalSection(SharedMSBuildProjectFiles) = preSolution
		Steve.vcxitems*{16fdccf8-804c-4900-b413-a0faf19f29ec}*SharedItemsImports = 9
		Steve.vcxitems*{1b929785-5e89-4224-8994-927a956274d9}*SharedItemsImports = 4
		Steve.vcxitems*{84ea60ec-5942-4519-89c8-c97e7ec0960f}*SharedItemsImports = 4
	EndGlobalSection
EndGlobal
